
Microsoft Visual Studio Solution File, Format Version 12.00
# Visual Studio Version 17
VisualStudioVersion = 17.8.34601.278
MinimumVisualStudioVersion = 10.0.40219.1
Project("{FAE04EC0-301F-11D3-BF4B-00C04F79EFBC}") = "Exams App C# .Net Server", "Exams App C# .Net Server.csproj", "{BA2405EB-7895-437A-8799-FB6D573EE9ED}"
EndProject
Global
	GlobalSection(SolutionConfigurationPlatforms) = preSolution
		Debug|Any CPU = Debug|Any CPU
		Release|Any CPU = Release|Any CPU
	EndGlobalSection
	GlobalSection(ProjectConfigurationPlatforms) = postSolution
		{BA2405EB-7895-437A-8799-FB6D573EE9ED}.Debug|Any CPU.ActiveCfg = Debug|Any CPU
		{BA2405EB-7895-437A-8799-FB6D573EE9ED}.Debug|Any CPU.Build.0 = Debug|Any CPU
		{BA2405EB-7895-437A-8799-FB6D573EE9ED}.Release|Any CPU.ActiveCfg = Release|Any CPU
		{BA2405EB-7895-437A-8799-FB6D573EE9ED}.Release|Any CPU.Build.0 = Release|Any CPU
	EndGlobalSection
	GlobalSection(SolutionProperties) = preSolution
		HideSolutionNode = FALSE
	EndGlobalSection
	GlobalSection(ExtensibilityGlobals) = postSolution
		SolutionGuid = {6A26DC1A-BFE6-42CB-B71D-7D0369367ABB}
	EndGlobalSection
EndGlobal
